
Microsoft Visual Studio Solution File, Format Version 12.00
# Visual Studio 15
VisualStudioVersion = 15.0.27004.2009
MinimumVisualStudioVersion = 10.0.40219.1
Project("{9A19103F-16F7-4668-BE54-9A1E7A4F7556}") = "RabbitMQ.Consumer", "RabbitMQ.Consumer.csproj", "{DA03B9D4-3F3B-4B61-BC7D-05C9F610FD1B}"
EndProject
Project("{9A19103F-16F7-4668-BE54-9A1E7A4F7556}") = "RabbitMQ.Producer", "..\RabbitMQ.Producer\RabbitMQ.Producer.csproj", "{A0A56B13-F797-4C01-9119-6704657CD99C}"
EndProject
Project("{9A19103F-16F7-4668-BE54-9A1E7A4F7556}") = "RabbitMQ.NewTask", "..\RabbitMQ.NewTask\RabbitMQ.NewTask.csproj", "{4AF7AD49-31C3-4576-B36D-2C2CC9D0E2E0}"
EndProject
Project("{9A19103F-16F7-4668-BE54-9A1E7A4F7556}") = "RabbitMQ.Worker", "..\RabbitMQ.Worker\RabbitMQ.Worker.csproj", "{54AFACD3-11CD-44FF-AF5C-EAD6DE12E303}"
EndProject
Global
	GlobalSection(SolutionConfigurationPlatforms) = preSolution
		Debug|Any CPU = Debug|Any CPU
		Release|Any CPU = Release|Any CPU
	EndGlobalSection
	GlobalSection(ProjectConfigurationPlatforms) = postSolution
		{DA03B9D4-3F3B-4B61-BC7D-05C9F610FD1B}.Debug|Any CPU.ActiveCfg = Debug|Any CPU
		{DA03B9D4-3F3B-4B61-BC7D-05C9F610FD1B}.Debug|Any CPU.Build.0 = Debug|Any CPU
		{DA03B9D4-3F3B-4B61-BC7D-05C9F610FD1B}.Release|Any CPU.ActiveCfg = Release|Any CPU
		{DA03B9D4-3F3B-4B61-BC7D-05C9F610FD1B}.Release|Any CPU.Build.0 = Release|Any CPU
		{A0A56B13-F797-4C01-9119-6704657CD99C}.Debug|Any CPU.ActiveCfg = Debug|Any CPU
		{A0A56B13-F797-4C01-9119-6704657CD99C}.Debug|Any CPU.Build.0 = Debug|Any CPU
		{A0A56B13-F797-4C01-9119-6704657CD99C}.Release|Any CPU.ActiveCfg = Release|Any CPU
		{A0A56B13-F797-4C01-9119-6704657CD99C}.Release|Any CPU.Build.0 = Release|Any CPU
		{4AF7AD49-31C3-4576-B36D-2C2CC9D0E2E0}.Debug|Any CPU.ActiveCfg = Debug|Any CPU
		{4AF7AD49-31C3-4576-B36D-2C2CC9D0E2E0}.Debug|Any CPU.Build.0 = Debug|Any CPU
		{4AF7AD49-31C3-4576-B36D-2C2CC9D0E2E0}.Release|Any CPU.ActiveCfg = Release|Any CPU
		{4AF7AD49-31C3-4576-B36D-2C2CC9D0E2E0}.Release|Any CPU.Build.0 = Release|Any CPU
		{54AFACD3-11CD-44FF-AF5C-EAD6DE12E303}.Debug|Any CPU.ActiveCfg = Debug|Any CPU
		{54AFACD3-11CD-44FF-AF5C-EAD6DE12E303}.Debug|Any CPU.Build.0 = Debug|Any CPU
		{54AFACD3-11CD-44FF-AF5C-EAD6DE12E303}.Release|Any CPU.ActiveCfg = Release|Any CPU
		{54AFACD3-11CD-44FF-AF5C-EAD6DE12E303}.Release|Any CPU.Build.0 = Release|Any CPU
	EndGlobalSection
	GlobalSection(SolutionProperties) = preSolution
		HideSolutionNode = FALSE
	EndGlobalSection
	GlobalSection(ExtensibilityGlobals) = postSolution
		SolutionGuid = {E482D987-EAB4-4E8E-9212-CEBF4EF62AD4}
	EndGlobalSection
EndGlobal
